
Microsoft Visual Studio Solution File, Format Version 12.00
# Visual Studio Version 17
VisualStudioVersion = 17.14.36212.18
MinimumVisualStudioVersion = 10.0.40219.1
Project("{FAE04EC0-301F-11D3-BF4B-00C04F79EFBC}") = "CasoEstudio2", "CasoEstudio2\CasoEstudio2.csproj", "{3545B5B2-3B20-4BF7-A49F-00B94ACF0CFA}"
EndProject
Project("{FAE04EC0-301F-11D3-BF4B-00C04F79EFBC}") = "CasoEstudio2 API", "..\CasoEstudio2 API\CasoEstudio2 API\CasoEstudio2 API.csproj", "{6F91629C-EDA8-5B95-157C-F7576CEA584F}"
EndProject
Global
	GlobalSection(SolutionConfigurationPlatforms) = preSolution
		Debug|Any CPU = Debug|Any CPU
		Release|Any CPU = Release|Any CPU
	EndGlobalSection
	GlobalSection(ProjectConfigurationPlatforms) = postSolution
		{3545B5B2-3B20-4BF7-A49F-00B94ACF0CFA}.Debug|Any CPU.ActiveCfg = Debug|Any CPU
		{3545B5B2-3B20-4BF7-A49F-00B94ACF0CFA}.Debug|Any CPU.Build.0 = Debug|Any CPU
		{3545B5B2-3B20-4BF7-A49F-00B94ACF0CFA}.Release|Any CPU.ActiveCfg = Release|Any CPU
		{3545B5B2-3B20-4BF7-A49F-00B94ACF0CFA}.Release|Any CPU.Build.0 = Release|Any CPU
		{6F91629C-EDA8-5B95-157C-F7576CEA584F}.Debug|Any CPU.ActiveCfg = Debug|Any CPU
		{6F91629C-EDA8-5B95-157C-F7576CEA584F}.Debug|Any CPU.Build.0 = Debug|Any CPU
		{6F91629C-EDA8-5B95-157C-F7576CEA584F}.Release|Any CPU.ActiveCfg = Release|Any CPU
		{6F91629C-EDA8-5B95-157C-F7576CEA584F}.Release|Any CPU.Build.0 = Release|Any CPU
	EndGlobalSection
	GlobalSection(SolutionProperties) = preSolution
		HideSolutionNode = FALSE
	EndGlobalSection
	GlobalSection(ExtensibilityGlobals) = postSolution
		SolutionGuid = {BEEBDAF2-D4FF-4EC3-A8E1-5DB27EFE10A6}
	EndGlobalSection
EndGlobal
